// !$*UTF8*$!
{
	archiveVersion = 1;
	classes = {
	};
	objectVersion = 50;
	objects = {

/* Begin PBXBuildFile section */
		F814429825F13755004AB20D /* RTCIceServer+JSON.m in Sources */ = {isa = PBXBuildFile; fileRef = F814427125F13754004AB20D /* RTCIceServer+JSON.m */; };
		F814429925F13755004AB20D /* RTCIceCandidate+JSON.m in Sources */ = {isa = PBXBuildFile; fileRef = F814427525F13755004AB20D /* RTCIceCandidate+JSON.m */; };
		F814429A25F13755004AB20D /* ARDCaptureController.m in Sources */ = {isa = PBXBuildFile; fileRef = F814427725F13755004AB20D /* ARDCaptureController.m */; };
		F814429B25F13755004AB20D /* ARDSignalingMessage.m in Sources */ = {isa = PBXBuildFile; fileRef = F814427925F13755004AB20D /* ARDSignalingMessage.m */; };
		F814429C25F13755004AB20D /* RTCSessionDescription+JSON.m in Sources */ = {isa = PBXBuildFile; fileRef = F814427B25F13755004AB20D /* RTCSessionDescription+JSON.m */; };
		F814429D25F13755004AB20D /* ARDMessageResponse.m in Sources */ = {isa = PBXBuildFile; fileRef = F814428025F13755004AB20D /* ARDMessageResponse.m */; };
		F814429E25F13755004AB20D /* ARDSettingsModel.m in Sources */ = {isa = PBXBuildFile; fileRef = F814428425F13755004AB20D /* ARDSettingsModel.m */; };
		F814429F25F13755004AB20D /* ARDAppClient.m in Sources */ = {isa = PBXBuildFile; fileRef = F814428525F13755004AB20D /* ARDAppClient.m */; };
		F81442A025F13755004AB20D /* ARDAppEngineClient.m in Sources */ = {isa = PBXBuildFile; fileRef = F814428625F13755004AB20D /* ARDAppEngineClient.m */; };
		F81442A125F13755004AB20D /* ARDWebSocketChannel.m in Sources */ = {isa = PBXBuildFile; fileRef = F814428725F13755004AB20D /* ARDWebSocketChannel.m */; };
		F81442A225F13755004AB20D /* ARDStatsBuilder.m in Sources */ = {isa = PBXBuildFile; fileRef = F814428825F13755004AB20D /* ARDStatsBuilder.m */; };
		F81442A325F13755004AB20D /* ARDBitrateTracker.m in Sources */ = {isa = PBXBuildFile; fileRef = F814428925F13755004AB20D /* ARDBitrateTracker.m */; };
		F81442A425F13755004AB20D /* ARDTURNClient.m in Sources */ = {isa = PBXBuildFile; fileRef = F814428B25F13755004AB20D /* ARDTURNClient.m */; };
		F81442A525F13755004AB20D /* ARDJoinResponse.m in Sources */ = {isa = PBXBuildFile; fileRef = F814428F25F13755004AB20D /* ARDJoinResponse.m */; };
		F81442A625F13755004AB20D /* ARDExternalSampleCapturer.m in Sources */ = {isa = PBXBuildFile; fileRef = F814429025F13755004AB20D /* ARDExternalSampleCapturer.m */; };
		F81442A725F13755004AB20D /* ARDSettingsStore.m in Sources */ = {isa = PBXBuildFile; fileRef = F814429725F13755004AB20D /* ARDSettingsStore.m */; };
		F81442B125F137B3004AB20D /* WebRTC.framework in Frameworks */ = {isa = PBXBuildFile; fileRef = F81442AF25F137AA004AB20D /* WebRTC.framework */; };
		F81442B225F137B3004AB20D /* WebRTC.framework in Embed Frameworks */ = {isa = PBXBuildFile; fileRef = F81442AF25F137AA004AB20D /* WebRTC.framework */; settings = {ATTRIBUTES = (CodeSignOnCopy, RemoveHeadersOnCopy, ); }; };
		F81442B425F137D0004AB20D /* Media.xcassets in Resources */ = {isa = PBXBuildFile; fileRef = F81442B325F137D0004AB20D /* Media.xcassets */; };
		F81442BB25F13AAD004AB20D /* SRWebSocket.m in Sources */ = {isa = PBXBuildFile; fileRef = F81442BA25F13AAD004AB20D /* SRWebSocket.m */; };
		F81442D225F13ABF004AB20D /* main.m in Sources */ = {isa = PBXBuildFile; fileRef = F81442BC25F13ABE004AB20D /* main.m */; };
		F81442D325F13ABF004AB20D /* ARDMainViewController.m in Sources */ = {isa = PBXBuildFile; fileRef = F81442BD25F13ABE004AB20D /* ARDMainViewController.m */; };
		F81442D425F13ABF004AB20D /* UIImage+ARDUtilities.m in Sources */ = {isa = PBXBuildFile; fileRef = F81442BF25F13ABE004AB20D /* UIImage+ARDUtilities.m */; };
		F81442D525F13ABF004AB20D /* ARDFileCaptureController.m in Sources */ = {isa = PBXBuildFile; fileRef = F81442C025F13ABE004AB20D /* ARDFileCaptureController.m */; };
		F81442D625F13ABF004AB20D /* ARDMainView.m in Sources */ = {isa = PBXBuildFile; fileRef = F81442C225F13ABE004AB20D /* ARDMainView.m */; };
		F81442D725F13ABF004AB20D /* ARDVideoCallView.m in Sources */ = {isa = PBXBuildFile; fileRef = F81442C325F13ABE004AB20D /* ARDVideoCallView.m */; };
		F81442D825F13ABF004AB20D /* ARDSettingsViewController.m in Sources */ = {isa = PBXBuildFile; fileRef = F81442C425F13ABE004AB20D /* ARDSettingsViewController.m */; };
		F81442D925F13ABF004AB20D /* RTCVideoCodecInfo+HumanReadable.m in Sources */ = {isa = PBXBuildFile; fileRef = F81442C625F13ABE004AB20D /* RTCVideoCodecInfo+HumanReadable.m */; };
		F81442DB25F13ABF004AB20D /* ARDStatsView.m in Sources */ = {isa = PBXBuildFile; fileRef = F81442CB25F13ABE004AB20D /* ARDStatsView.m */; };
		F81442DC25F13ABF004AB20D /* ARDAppDelegate.m in Sources */ = {isa = PBXBuildFile; fileRef = F81442CC25F13ABE004AB20D /* ARDAppDelegate.m */; };
		F81442DD25F13ABF004AB20D /* ARDVideoCallViewController.m in Sources */ = {isa = PBXBuildFile; fileRef = F81442D125F13ABF004AB20D /* ARDVideoCallViewController.m */; };
		F81442E025F13B6E004AB20D /* ARDUtilities.m in Sources */ = {isa = PBXBuildFile; fileRef = F81442DE25F13B6E004AB20D /* ARDUtilities.m */; };
/* End PBXBuildFile section */

/* Begin PBXCopyFilesBuildPhase section */
		F8D660E225EFEA5D0028D4F4 /* Embed Frameworks */ = {
			isa = PBXCopyFilesBuildPhase;
			buildActionMask = 2147483647;
			dstPath = "";
			dstSubfolderSpec = 10;
			files = (
				F81442B225F137B3004AB20D /* WebRTC.framework in Embed Frameworks */,
			);
			name = "Embed Frameworks";
			runOnlyForDeploymentPostprocessing = 0;
		};
/* End PBXCopyFilesBuildPhase section */

/* Begin PBXFileReference section */
		F814427125F13754004AB20D /* RTCIceServer+JSON.m */ = {isa = PBXFileReference; fileEncoding = 4; lastKnownFileType = sourcecode.c.objc; path = "RTCIceServer+JSON.m"; sourceTree = "<group>"; };
		F814427225F13754004AB20D /* ARDTURNClient.h */ = {isa = PBXFileReference; fileEncoding = 4; lastKnownFileType = sourcecode.c.h; path = ARDTURNClient.h; sourceTree = "<group>"; };
		F814427325F13754004AB20D /* ARDSignalingChannel.h */ = {isa = PBXFileReference; fileEncoding = 4; lastKnownFileType = sourcecode.c.h; path = ARDSignalingChannel.h; sourceTree = "<group>"; };
		F814427425F13755004AB20D /* ARDRoomServerClient.h */ = {isa = PBXFileReference; fileEncoding = 4; lastKnownFileType = sourcecode.c.h; path = ARDRoomServerClient.h; sourceTree = "<group>"; };
		F814427525F13755004AB20D /* RTCIceCandidate+JSON.m */ = {isa = PBXFileReference; fileEncoding = 4; lastKnownFileType = sourcecode.c.objc; path = "RTCIceCandidate+JSON.m"; sourceTree = "<group>"; };
		F814427625F13755004AB20D /* ARDStatsBuilder.h */ = {isa = PBXFileReference; fileEncoding = 4; lastKnownFileType = sourcecode.c.h; path = ARDStatsBuilder.h; sourceTree = "<group>"; };
		F814427725F13755004AB20D /* ARDCaptureController.m */ = {isa = PBXFileReference; fileEncoding = 4; lastKnownFileType = sourcecode.c.objc; path = ARDCaptureController.m; sourceTree = "<group>"; };
		F814427825F13755004AB20D /* ARDMessageResponse.h */ = {isa = PBXFileReference; fileEncoding = 4; lastKnownFileType = sourcecode.c.h; path = ARDMessageResponse.h; sourceTree = "<group>"; };
		F814427925F13755004AB20D /* ARDSignalingMessage.m */ = {isa = PBXFileReference; fileEncoding = 4; lastKnownFileType = sourcecode.c.objc; path = ARDSignalingMessage.m; sourceTree = "<group>"; };
		F814427A25F13755004AB20D /* RTCSessionDescription+JSON.h */ = {isa = PBXFileReference; fileEncoding = 4; lastKnownFileType = sourcecode.c.h; path = "RTCSessionDescription+JSON.h"; sourceTree = "<group>"; };
		F814427B25F13755004AB20D /* RTCSessionDescription+JSON.m */ = {isa = PBXFileReference; fileEncoding = 4; lastKnownFileType = sourcecode.c.objc; path = "RTCSessionDescription+JSON.m"; sourceTree = "<group>"; };
		F814427C25F13755004AB20D /* ARDSettingsStore.h */ = {isa = PBXFileReference; fileEncoding = 4; lastKnownFileType = sourcecode.c.h; path = ARDSettingsStore.h; sourceTree = "<group>"; };
		F814427D25F13755004AB20D /* ARDAppClient+Internal.h */ = {isa = PBXFileReference; fileEncoding = 4; lastKnownFileType = sourcecode.c.h; path = "ARDAppClient+Internal.h"; sourceTree = "<group>"; };
		F814427E25F13755004AB20D /* RTCIceServer+JSON.h */ = {isa = PBXFileReference; fileEncoding = 4; lastKnownFileType = sourcecode.c.h; path = "RTCIceServer+JSON.h"; sourceTree = "<group>"; };
		F814427F25F13755004AB20D /* ARDJoinResponse+Internal.h */ = {isa = PBXFileReference; fileEncoding = 4; lastKnownFileType = sourcecode.c.h; path = "ARDJoinResponse+Internal.h"; sourceTree = "<group>"; };
		F814428025F13755004AB20D /* ARDMessageResponse.m */ = {isa = PBXFileReference; fileEncoding = 4; lastKnownFileType = sourcecode.c.objc; path = ARDMessageResponse.m; sourceTree = "<group>"; };
		F814428125F13755004AB20D /* ARDAppEngineClient.h */ = {isa = PBXFileReference; fileEncoding = 4; lastKnownFileType = sourcecode.c.h; path = ARDAppEngineClient.h; sourceTree = "<group>"; };
		F814428225F13755004AB20D /* ARDSettingsModel.h */ = {isa = PBXFileReference; fileEncoding = 4; lastKnownFileType = sourcecode.c.h; path = ARDSettingsModel.h; sourceTree = "<group>"; };
		F814428325F13755004AB20D /* ARDJoinResponse.h */ = {isa = PBXFileReference; fileEncoding = 4; lastKnownFileType = sourcecode.c.h; path = ARDJoinResponse.h; sourceTree = "<group>"; };
		F814428425F13755004AB20D /* ARDSettingsModel.m */ = {isa = PBXFileReference; fileEncoding = 4; lastKnownFileType = sourcecode.c.objc; path = ARDSettingsModel.m; sourceTree = "<group>"; };
		F814428525F13755004AB20D /* ARDAppClient.m */ = {isa = PBXFileReference; fileEncoding = 4; lastKnownFileType = sourcecode.c.objc; path = ARDAppClient.m; sourceTree = "<group>"; };
		F814428625F13755004AB20D /* ARDAppEngineClient.m */ = {isa = PBXFileReference; fileEncoding = 4; lastKnownFileType = sourcecode.c.objc; path = ARDAppEngineClient.m; sourceTree = "<group>"; };
		F814428725F13755004AB20D /* ARDWebSocketChannel.m */ = {isa = PBXFileReference; fileEncoding = 4; lastKnownFileType = sourcecode.c.objc; path = ARDWebSocketChannel.m; sourceTree = "<group>"; };
		F814428825F13755004AB20D /* ARDStatsBuilder.m */ = {isa = PBXFileReference; fileEncoding = 4; lastKnownFileType = sourcecode.c.objc; path = ARDStatsBuilder.m; sourceTree = "<group>"; };
		F814428925F13755004AB20D /* ARDBitrateTracker.m */ = {isa = PBXFileReference; fileEncoding = 4; lastKnownFileType = sourcecode.c.objc; path = ARDBitrateTracker.m; sourceTree = "<group>"; };
		F814428A25F13755004AB20D /* ARDCaptureController.h */ = {isa = PBXFileReference; fileEncoding = 4; lastKnownFileType = sourcecode.c.h; path = ARDCaptureController.h; sourceTree = "<group>"; };
		F814428B25F13755004AB20D /* ARDTURNClient.m */ = {isa = PBXFileReference; fileEncoding = 4; lastKnownFileType = sourcecode.c.objc; path = ARDTURNClient.m; sourceTree = "<group>"; };
		F814428C25F13755004AB20D /* ARDTURNClient+Internal.h */ = {isa = PBXFileReference; fileEncoding = 4; lastKnownFileType = sourcecode.c.h; path = "ARDTURNClient+Internal.h"; sourceTree = "<group>"; };
		F814428D25F13755004AB20D /* ARDExternalSampleCapturer.h */ = {isa = PBXFileReference; fileEncoding = 4; lastKnownFileType = sourcecode.c.h; path = ARDExternalSampleCapturer.h; sourceTree = "<group>"; };
		F814428E25F13755004AB20D /* ARDMessageResponse+Internal.h */ = {isa = PBXFileReference; fileEncoding = 4; lastKnownFileType = sourcecode.c.h; path = "ARDMessageResponse+Internal.h"; sourceTree = "<group>"; };
		F814428F25F13755004AB20D /* ARDJoinResponse.m */ = {isa = PBXFileReference; fileEncoding = 4; lastKnownFileType = sourcecode.c.objc; path = ARDJoinResponse.m; sourceTree = "<group>"; };
		F814429025F13755004AB20D /* ARDExternalSampleCapturer.m */ = {isa = PBXFileReference; fileEncoding = 4; lastKnownFileType = sourcecode.c.objc; path = ARDExternalSampleCapturer.m; sourceTree = "<group>"; };
		F814429125F13755004AB20D /* ARDAppClient.h */ = {isa = PBXFileReference; fileEncoding = 4; lastKnownFileType = sourcecode.c.h; path = ARDAppClient.h; sourceTree = "<group>"; };
		F814429225F13755004AB20D /* ARDBitrateTracker.h */ = {isa = PBXFileReference; fileEncoding = 4; lastKnownFileType = sourcecode.c.h; path = ARDBitrateTracker.h; sourceTree = "<group>"; };
		F814429325F13755004AB20D /* RTCIceCandidate+JSON.h */ = {isa = PBXFileReference; fileEncoding = 4; lastKnownFileType = sourcecode.c.h; path = "RTCIceCandidate+JSON.h"; sourceTree = "<group>"; };
		F814429425F13755004AB20D /* ARDWebSocketChannel.h */ = {isa = PBXFileReference; fileEncoding = 4; lastKnownFileType = sourcecode.c.h; path = ARDWebSocketChannel.h; sourceTree = "<group>"; };
		F814429525F13755004AB20D /* ARDSettingsModel+Private.h */ = {isa = PBXFileReference; fileEncoding = 4; lastKnownFileType = sourcecode.c.h; path = "ARDSettingsModel+Private.h"; sourceTree = "<group>"; };
		F814429625F13755004AB20D /* ARDSignalingMessage.h */ = {isa = PBXFileReference; fileEncoding = 4; lastKnownFileType = sourcecode.c.h; path = ARDSignalingMessage.h; sourceTree = "<group>"; };
		F814429725F13755004AB20D /* ARDSettingsStore.m */ = {isa = PBXFileReference; fileEncoding = 4; lastKnownFileType = sourcecode.c.objc; path = ARDSettingsStore.m; sourceTree = "<group>"; };
		F81442AF25F137AA004AB20D /* WebRTC.framework */ = {isa = PBXFileReference; lastKnownFileType = wrapper.framework; path = WebRTC.framework; sourceTree = "<group>"; };
		F81442B325F137D0004AB20D /* Media.xcassets */ = {isa = PBXFileReference; lastKnownFileType = folder.assetcatalog; path = Media.xcassets; sourceTree = "<group>"; };
		F81442BA25F13AAD004AB20D /* SRWebSocket.m */ = {isa = PBXFileReference; fileEncoding = 4; lastKnownFileType = sourcecode.c.objc; name = SRWebSocket.m; path = third_party/SocketRocket/SRWebSocket.m; sourceTree = "<group>"; };
		F81442BC25F13ABE004AB20D /* main.m */ = {isa = PBXFileReference; fileEncoding = 4; lastKnownFileType = sourcecode.c.objc; name = main.m; path = ios/main.m; sourceTree = "<group>"; };
		F81442BD25F13ABE004AB20D /* ARDMainViewController.m */ = {isa = PBXFileReference; fileEncoding = 4; lastKnownFileType = sourcecode.c.objc; name = ARDMainViewController.m; path = ios/ARDMainViewController.m; sourceTree = "<group>"; };
		F81442BE25F13ABE004AB20D /* ARDFileCaptureController.h */ = {isa = PBXFileReference; fileEncoding = 4; lastKnownFileType = sourcecode.c.h; name = ARDFileCaptureController.h; path = ios/ARDFileCaptureController.h; sourceTree = "<group>"; };
		F81442BF25F13ABE004AB20D /* UIImage+ARDUtilities.m */ = {isa = PBXFileReference; fileEncoding = 4; lastKnownFileType = sourcecode.c.objc; name = "UIImage+ARDUtilities.m"; path = "ios/UIImage+ARDUtilities.m"; sourceTree = "<group>"; };
		F81442C025F13ABE004AB20D /* ARDFileCaptureController.m */ = {isa = PBXFileReference; fileEncoding = 4; lastKnownFileType = sourcecode.c.objc; name = ARDFileCaptureController.m; path = ios/ARDFileCaptureController.m; sourceTree = "<group>"; };
		F81442C125F13ABE004AB20D /* ARDMainView.h */ = {isa = PBXFileReference; fileEncoding = 4; lastKnownFileType = sourcecode.c.h; name = ARDMainView.h; path = ios/ARDMainView.h; sourceTree = "<group>"; };
		F81442C225F13ABE004AB20D /* ARDMainView.m */ = {isa = PBXFileReference; fileEncoding = 4; lastKnownFileType = sourcecode.c.objc; name = ARDMainView.m; path = ios/ARDMainView.m; sourceTree = "<group>"; };
		F81442C325F13ABE004AB20D /* ARDVideoCallView.m */ = {isa = PBXFileReference; fileEncoding = 4; lastKnownFileType = sourcecode.c.objc; name = ARDVideoCallView.m; path = ios/ARDVideoCallView.m; sourceTree = "<group>"; };
		F81442C425F13ABE004AB20D /* ARDSettingsViewController.m */ = {isa = PBXFileReference; fileEncoding = 4; lastKnownFileType = sourcecode.c.objc; name = ARDSettingsViewController.m; path = ios/ARDSettingsViewController.m; sourceTree = "<group>"; };
		F81442C525F13ABE004AB20D /* ARDVideoCallView.h */ = {isa = PBXFileReference; fileEncoding = 4; lastKnownFileType = sourcecode.c.h; name = ARDVideoCallView.h; path = ios/ARDVideoCallView.h; sourceTree = "<group>"; };
		F81442C625F13ABE004AB20D /* RTCVideoCodecInfo+HumanReadable.m */ = {isa = PBXFileReference; fileEncoding = 4; lastKnownFileType = sourcecode.c.objc; name = "RTCVideoCodecInfo+HumanReadable.m"; path = "ios/RTCVideoCodecInfo+HumanReadable.m"; sourceTree = "<group>"; };
		F81442C725F13ABE004AB20D /* Info.plist */ = {isa = PBXFileReference; fileEncoding = 4; lastKnownFileType = text.plist.xml; name = Info.plist; path = ios/Info.plist; sourceTree = "<group>"; };
		F81442C825F13ABE004AB20D /* RTCVideoCodecInfo+HumanReadable.h */ = {isa = PBXFileReference; fileEncoding = 4; lastKnownFileType = sourcecode.c.h; name = "RTCVideoCodecInfo+HumanReadable.h"; path = "ios/RTCVideoCodecInfo+HumanReadable.h"; sourceTree = "<group>"; };
		F81442C925F13ABE004AB20D /* ARDAppDelegate.h */ = {isa = PBXFileReference; fileEncoding = 4; lastKnownFileType = sourcecode.c.h; name = ARDAppDelegate.h; path = ios/ARDAppDelegate.h; sourceTree = "<group>"; };
		F81442CA25F13ABE004AB20D /* UIImage+ARDUtilities.h */ = {isa = PBXFileReference; fileEncoding = 4; lastKnownFileType = sourcecode.c.h; name = "UIImage+ARDUtilities.h"; path = "ios/UIImage+ARDUtilities.h"; sourceTree = "<group>"; };
		F81442CB25F13ABE004AB20D /* ARDStatsView.m */ = {isa = PBXFileReference; fileEncoding = 4; lastKnownFileType = sourcecode.c.objc; name = ARDStatsView.m; path = ios/ARDStatsView.m; sourceTree = "<group>"; };
		F81442CC25F13ABE004AB20D /* ARDAppDelegate.m */ = {isa = PBXFileReference; fileEncoding = 4; lastKnownFileType = sourcecode.c.objc; name = ARDAppDelegate.m; path = ios/ARDAppDelegate.m; sourceTree = "<group>"; };
		F81442CD25F13ABF004AB20D /* ARDSettingsViewController.h */ = {isa = PBXFileReference; fileEncoding = 4; lastKnownFileType = sourcecode.c.h; name = ARDSettingsViewController.h; path = ios/ARDSettingsViewController.h; sourceTree = "<group>"; };
		F81442CE25F13ABF004AB20D /* ARDStatsView.h */ = {isa = PBXFileReference; fileEncoding = 4; lastKnownFileType = sourcecode.c.h; name = ARDStatsView.h; path = ios/ARDStatsView.h; sourceTree = "<group>"; };
		F81442CF25F13ABF004AB20D /* ARDVideoCallViewController.h */ = {isa = PBXFileReference; fileEncoding = 4; lastKnownFileType = sourcecode.c.h; name = ARDVideoCallViewController.h; path = ios/ARDVideoCallViewController.h; sourceTree = "<group>"; };
		F81442D025F13ABF004AB20D /* ARDMainViewController.h */ = {isa = PBXFileReference; fileEncoding = 4; lastKnownFileType = sourcecode.c.h; name = ARDMainViewController.h; path = ios/ARDMainViewController.h; sourceTree = "<group>"; };
		F81442D125F13ABF004AB20D /* ARDVideoCallViewController.m */ = {isa = PBXFileReference; fileEncoding = 4; lastKnownFileType = sourcecode.c.objc; name = ARDVideoCallViewController.m; path = ios/ARDVideoCallViewController.m; sourceTree = "<group>"; };
		F81442DE25F13B6E004AB20D /* ARDUtilities.m */ = {isa = PBXFileReference; fileEncoding = 4; lastKnownFileType = sourcecode.c.objc; name = ARDUtilities.m; path = common/ARDUtilities.m; sourceTree = "<group>"; };
		F81442DF25F13B6E004AB20D /* ARDUtilities.h */ = {isa = PBXFileReference; fileEncoding = 4; lastKnownFileType = sourcecode.c.h; name = ARDUtilities.h; path = common/ARDUtilities.h; sourceTree = "<group>"; };
		F8D660A325EFEA380028D4F4 /* AppRtcMobile.app */ = {isa = PBXFileReference; explicitFileType = wrapper.application; includeInIndex = 0; path = AppRtcMobile.app; sourceTree = BUILT_PRODUCTS_DIR; };
/* End PBXFileReference section */

/* Begin PBXFrameworksBuildPhase section */
		F8D660A025EFEA380028D4F4 /* Frameworks */ = {
			isa = PBXFrameworksBuildPhase;
			buildActionMask = 2147483647;
			files = (
				F81442B125F137B3004AB20D /* WebRTC.framework in Frameworks */,
			);
			runOnlyForDeploymentPostprocessing = 0;
		};
/* End PBXFrameworksBuildPhase section */

/* Begin PBXGroup section */
		F8D6609A25EFEA380028D4F4 = {
			isa = PBXGroup;
			children = (
				F8D660A525EFEA380028D4F4 /* AppRtcMobile */,
				F8D660A425EFEA380028D4F4 /* Products */,
				F8D660DE25EFEA5C0028D4F4 /* Frameworks */,
			);
			sourceTree = "<group>";
		};
		F8D660A425EFEA380028D4F4 /* Products */ = {
			isa = PBXGroup;
			children = (
				F8D660A325EFEA380028D4F4 /* AppRtcMobile.app */,
			);
			name = Products;
			sourceTree = "<group>";
		};
		F8D660A525EFEA380028D4F4 /* AppRtcMobile */ = {
			isa = PBXGroup;
			children = (
				F81442DF25F13B6E004AB20D /* ARDUtilities.h */,
				F81442DE25F13B6E004AB20D /* ARDUtilities.m */,
				F81442C925F13ABE004AB20D /* ARDAppDelegate.h */,
				F81442CC25F13ABE004AB20D /* ARDAppDelegate.m */,
				F81442BE25F13ABE004AB20D /* ARDFileCaptureController.h */,
				F81442C025F13ABE004AB20D /* ARDFileCaptureController.m */,
				F81442C125F13ABE004AB20D /* ARDMainView.h */,
				F81442C225F13ABE004AB20D /* ARDMainView.m */,
				F81442D025F13ABF004AB20D /* ARDMainViewController.h */,
				F81442BD25F13ABE004AB20D /* ARDMainViewController.m */,
				F81442CD25F13ABF004AB20D /* ARDSettingsViewController.h */,
				F81442C425F13ABE004AB20D /* ARDSettingsViewController.m */,
				F81442CE25F13ABF004AB20D /* ARDStatsView.h */,
				F81442CB25F13ABE004AB20D /* ARDStatsView.m */,
				F81442C525F13ABE004AB20D /* ARDVideoCallView.h */,
				F81442C325F13ABE004AB20D /* ARDVideoCallView.m */,
				F81442CF25F13ABF004AB20D /* ARDVideoCallViewController.h */,
				F81442D125F13ABF004AB20D /* ARDVideoCallViewController.m */,
				F81442C725F13ABE004AB20D /* Info.plist */,
				F81442BC25F13ABE004AB20D /* main.m */,
				F81442C825F13ABE004AB20D /* RTCVideoCodecInfo+HumanReadable.h */,
				F81442C625F13ABE004AB20D /* RTCVideoCodecInfo+HumanReadable.m */,
				F81442CA25F13ABE004AB20D /* UIImage+ARDUtilities.h */,
				F81442BF25F13ABE004AB20D /* UIImage+ARDUtilities.m */,
				F81442BA25F13AAD004AB20D /* SRWebSocket.m */,
				F814429125F13755004AB20D /* ARDAppClient.h */,
				F814428525F13755004AB20D /* ARDAppClient.m */,
				F814427D25F13755004AB20D /* ARDAppClient+Internal.h */,
				F814428125F13755004AB20D /* ARDAppEngineClient.h */,
				F814428625F13755004AB20D /* ARDAppEngineClient.m */,
				F814429225F13755004AB20D /* ARDBitrateTracker.h */,
				F814428925F13755004AB20D /* ARDBitrateTracker.m */,
				F814428A25F13755004AB20D /* ARDCaptureController.h */,
				F814427725F13755004AB20D /* ARDCaptureController.m */,
				F814428D25F13755004AB20D /* ARDExternalSampleCapturer.h */,
				F814429025F13755004AB20D /* ARDExternalSampleCapturer.m */,
				F814428325F13755004AB20D /* ARDJoinResponse.h */,
				F814428F25F13755004AB20D /* ARDJoinResponse.m */,
				F814427F25F13755004AB20D /* ARDJoinResponse+Internal.h */,
				F814427825F13755004AB20D /* ARDMessageResponse.h */,
				F814428025F13755004AB20D /* ARDMessageResponse.m */,
				F814428E25F13755004AB20D /* ARDMessageResponse+Internal.h */,
				F814427425F13755004AB20D /* ARDRoomServerClient.h */,
				F814428225F13755004AB20D /* ARDSettingsModel.h */,
				F814428425F13755004AB20D /* ARDSettingsModel.m */,
				F814429525F13755004AB20D /* ARDSettingsModel+Private.h */,
				F814427C25F13755004AB20D /* ARDSettingsStore.h */,
				F814429725F13755004AB20D /* ARDSettingsStore.m */,
				F814427325F13754004AB20D /* ARDSignalingChannel.h */,
				F814429625F13755004AB20D /* ARDSignalingMessage.h */,
				F814427925F13755004AB20D /* ARDSignalingMessage.m */,
				F814427625F13755004AB20D /* ARDStatsBuilder.h */,
				F814428825F13755004AB20D /* ARDStatsBuilder.m */,
				F814427225F13754004AB20D /* ARDTURNClient.h */,
				F814428B25F13755004AB20D /* ARDTURNClient.m */,
				F814428C25F13755004AB20D /* ARDTURNClient+Internal.h */,
				F814429425F13755004AB20D /* ARDWebSocketChannel.h */,
				F814428725F13755004AB20D /* ARDWebSocketChannel.m */,
				F814429325F13755004AB20D /* RTCIceCandidate+JSON.h */,
				F814427525F13755004AB20D /* RTCIceCandidate+JSON.m */,
				F814427E25F13755004AB20D /* RTCIceServer+JSON.h */,
				F814427125F13754004AB20D /* RTCIceServer+JSON.m */,
				F814427A25F13755004AB20D /* RTCSessionDescription+JSON.h */,
				F814427B25F13755004AB20D /* RTCSessionDescription+JSON.m */,
				F81442B325F137D0004AB20D /* Media.xcassets */,
			);
			path = AppRtcMobile;
			sourceTree = "<group>";
		};
		F8D660DE25EFEA5C0028D4F4 /* Frameworks */ = {
			isa = PBXGroup;
			children = (
				F81442AF25F137AA004AB20D /* WebRTC.framework */,
			);
			name = Frameworks;
			sourceTree = "<group>";
		};
/* End PBXGroup section */

/* Begin PBXNativeTarget section */
		F8D660A225EFEA380028D4F4 /* AppRtcMobile */ = {
			isa = PBXNativeTarget;
			buildConfigurationList = F8D660D225EFEA390028D4F4 /* Build configuration list for PBXNativeTarget "AppRtcMobile" */;
			buildPhases = (
				F8D6609F25EFEA380028D4F4 /* Sources */,
				F8D660A025EFEA380028D4F4 /* Frameworks */,
				F8D660A125EFEA380028D4F4 /* Resources */,
				F8D660E225EFEA5D0028D4F4 /* Embed Frameworks */,
			);
			buildRules = (
			);
			dependencies = (
			);
			name = AppRtcMobile;
			productName = AppRtcMobile;
			productReference = F8D660A325EFEA380028D4F4 /* AppRtcMobile.app */;
			productType = "com.apple.product-type.application";
		};
/* End PBXNativeTarget section */

/* Begin PBXProject section */
		F8D6609B25EFEA380028D4F4 /* Project object */ = {
			isa = PBXProject;
			attributes = {
				LastUpgradeCheck = 1240;
				TargetAttributes = {
					F8D660A225EFEA380028D4F4 = {
						CreatedOnToolsVersion = 12.4;
					};
				};
			};
			buildConfigurationList = F8D6609E25EFEA380028D4F4 /* Build configuration list for PBXProject "AppRtcMobile" */;
			compatibilityVersion = "Xcode 9.3";
			developmentRegion = en;
			hasScannedForEncodings = 0;
			knownRegions = (
				en,
				Base,
			);
			mainGroup = F8D6609A25EFEA380028D4F4;
			productRefGroup = F8D660A425EFEA380028D4F4 /* Products */;
			projectDirPath = "";
			projectRoot = "";
			targets = (
				F8D660A225EFEA380028D4F4 /* AppRtcMobile */,
			);
		};
/* End PBXProject section */

/* Begin PBXResourcesBuildPhase section */
		F8D660A125EFEA380028D4F4 /* Resources */ = {
			isa = PBXResourcesBuildPhase;
			buildActionMask = 2147483647;
			files = (
				F81442B425F137D0004AB20D /* Media.xcassets in Resources */,
			);
			runOnlyForDeploymentPostprocessing = 0;
		};
/* End PBXResourcesBuildPhase section */

/* Begin PBXSourcesBuildPhase section */
		F8D6609F25EFEA380028D4F4 /* Sources */ = {
			isa = PBXSourcesBuildPhase;
			buildActionMask = 2147483647;
			files = (
				F814429F25F13755004AB20D /* ARDAppClient.m in Sources */,
				F814429B25F13755004AB20D /* ARDSignalingMessage.m in Sources */,
				F81442A725F13755004AB20D /* ARDSettingsStore.m in Sources */,
				F81442D525F13ABF004AB20D /* ARDFileCaptureController.m in Sources */,
				F814429C25F13755004AB20D /* RTCSessionDescription+JSON.m in Sources */,
				F81442D425F13ABF004AB20D /* UIImage+ARDUtilities.m in Sources */,
				F81442BB25F13AAD004AB20D /* SRWebSocket.m in Sources */,
				F81442D625F13ABF004AB20D /* ARDMainView.m in Sources */,
				F81442D725F13ABF004AB20D /* ARDVideoCallView.m in Sources */,
				F81442A125F13755004AB20D /* ARDWebSocketChannel.m in Sources */,
				F814429825F13755004AB20D /* RTCIceServer+JSON.m in Sources */,
				F814429A25F13755004AB20D /* ARDCaptureController.m in Sources */,
				F81442A425F13755004AB20D /* ARDTURNClient.m in Sources */,
				F81442A225F13755004AB20D /* ARDStatsBuilder.m in Sources */,
				F81442A625F13755004AB20D /* ARDExternalSampleCapturer.m in Sources */,
				F814429D25F13755004AB20D /* ARDMessageResponse.m in Sources */,
				F81442DB25F13ABF004AB20D /* ARDStatsView.m in Sources */,
				F81442A325F13755004AB20D /* ARDBitrateTracker.m in Sources */,
				F81442A525F13755004AB20D /* ARDJoinResponse.m in Sources */,
				F81442A025F13755004AB20D /* ARDAppEngineClient.m in Sources */,
				F81442DD25F13ABF004AB20D /* ARDVideoCallViewController.m in Sources */,
				F814429925F13755004AB20D /* RTCIceCandidate+JSON.m in Sources */,
				F81442D925F13ABF004AB20D /* RTCVideoCodecInfo+HumanReadable.m in Sources */,
				F81442D325F13ABF004AB20D /* ARDMainViewController.m in Sources */,
				F81442D825F13ABF004AB20D /* ARDSettingsViewController.m in Sources */,
				F81442E025F13B6E004AB20D /* ARDUtilities.m in Sources */,
				F81442DC25F13ABF004AB20D /* ARDAppDelegate.m in Sources */,
				F81442D225F13ABF004AB20D /* main.m in Sources */,
				F814429E25F13755004AB20D /* ARDSettingsModel.m in Sources */,
			);
			runOnlyForDeploymentPostprocessing = 0;
		};
/* End PBXSourcesBuildPhase section */

/* Begin XCBuildConfiguration section */
		F8D660D025EFEA390028D4F4 /* Debug */ = {
			isa = XCBuildConfiguration;
			buildSettings = {
				ALWAYS_SEARCH_USER_PATHS = NO;
				CLANG_ANALYZER_NONNULL = YES;
				CLANG_ANALYZER_NUMBER_OBJECT_CONVERSION = YES_AGGRESSIVE;
				CLANG_CXX_LANGUAGE_STANDARD = "gnu++14";
				CLANG_CXX_LIBRARY = "libc++";
				CLANG_ENABLE_MODULES = YES;
				CLANG_ENABLE_OBJC_ARC = YES;
				CLANG_ENABLE_OBJC_WEAK = YES;
				CLANG_WARN_BLOCK_CAPTURE_AUTORELEASING = YES;
				CLANG_WARN_BOOL_CONVERSION = YES;
				CLANG_WARN_COMMA = YES;
				CLANG_WARN_CONSTANT_CONVERSION = YES;
				CLANG_WARN_DEPRECATED_OBJC_IMPLEMENTATIONS = YES;
				CLANG_WARN_DIRECT_OBJC_ISA_USAGE = YES_ERROR;
				CLANG_WARN_DOCUMENTATION_COMMENTS = YES;
				CLANG_WARN_EMPTY_BODY = YES;
				CLANG_WARN_ENUM_CONVERSION = YES;
				CLANG_WARN_INFINITE_RECURSION = YES;
				CLANG_WARN_INT_CONVERSION = YES;
				CLANG_WARN_NON_LITERAL_NULL_CONVERSION = YES;
				CLANG_WARN_OBJC_IMPLICIT_RETAIN_SELF = YES;
				CLANG_WARN_OBJC_LITERAL_CONVERSION = YES;
				CLANG_WARN_OBJC_ROOT_CLASS = YES_ERROR;
				CLANG_WARN_QUOTED_INCLUDE_IN_FRAMEWORK_HEADER = YES;
				CLANG_WARN_RANGE_LOOP_ANALYSIS = YES;
				CLANG_WARN_STRICT_PROTOTYPES = YES;
				CLANG_WARN_SUSPICIOUS_MOVE = YES;
				CLANG_WARN_UNGUARDED_AVAILABILITY = YES_AGGRESSIVE;
				CLANG_WARN_UNREACHABLE_CODE = YES;
				CLANG_WARN__DUPLICATE_METHOD_MATCH = YES;
				COPY_PHASE_STRIP = NO;
				DEBUG_INFORMATION_FORMAT = dwarf;
				ENABLE_STRICT_OBJC_MSGSEND = YES;
				ENABLE_TESTABILITY = YES;
				GCC_C_LANGUAGE_STANDARD = gnu11;
				GCC_DYNAMIC_NO_PIC = NO;
				GCC_NO_COMMON_BLOCKS = YES;
				GCC_OPTIMIZATION_LEVEL = 0;
				GCC_PREPROCESSOR_DEFINITIONS = (
					"DEBUG=1",
					"$(inherited)",
				);
				GCC_WARN_64_TO_32_BIT_CONVERSION = YES;
				GCC_WARN_ABOUT_RETURN_TYPE = YES_ERROR;
				GCC_WARN_UNDECLARED_SELECTOR = YES;
				GCC_WARN_UNINITIALIZED_AUTOS = YES_AGGRESSIVE;
				GCC_WARN_UNUSED_FUNCTION = YES;
				GCC_WARN_UNUSED_VARIABLE = YES;
				HEADER_SEARCH_PATHS = (
					"/Users/rpc/tokbox/native-sdk-src/src/third_party/onewebrtc/src",
					"/Users/rpc/tokbox/native-sdk-src/src/third_party/onewebrtc/src/sdk/objc/base",
				);
				IPHONEOS_DEPLOYMENT_TARGET = 14.4;
				MTL_ENABLE_DEBUG_INFO = INCLUDE_SOURCE;
				MTL_FAST_MATH = YES;
				ONLY_ACTIVE_ARCH = YES;
				SDKROOT = iphoneos;
			};
			name = Debug;
		};
		F8D660D125EFEA390028D4F4 /* Release */ = {
			isa = XCBuildConfiguration;
			buildSettings = {
				ALWAYS_SEARCH_USER_PATHS = NO;
				CLANG_ANALYZER_NONNULL = YES;
				CLANG_ANALYZER_NUMBER_OBJECT_CONVERSION = YES_AGGRESSIVE;
				CLANG_CXX_LANGUAGE_STANDARD = "gnu++14";
				CLANG_CXX_LIBRARY = "libc++";
				CLANG_ENABLE_MODULES = YES;
				CLANG_ENABLE_OBJC_ARC = YES;
				CLANG_ENABLE_OBJC_WEAK = YES;
				CLANG_WARN_BLOCK_CAPTURE_AUTORELEASING = YES;
				CLANG_WARN_BOOL_CONVERSION = YES;
				CLANG_WARN_COMMA = YES;
				CLANG_WARN_CONSTANT_CONVERSION = YES;
				CLANG_WARN_DEPRECATED_OBJC_IMPLEMENTATIONS = YES;
				CLANG_WARN_DIRECT_OBJC_ISA_USAGE = YES_ERROR;
				CLANG_WARN_DOCUMENTATION_COMMENTS = YES;
				CLANG_WARN_EMPTY_BODY = YES;
				CLANG_WARN_ENUM_CONVERSION = YES;
				CLANG_WARN_INFINITE_RECURSION = YES;
				CLANG_WARN_INT_CONVERSION = YES;
				CLANG_WARN_NON_LITERAL_NULL_CONVERSION = YES;
				CLANG_WARN_OBJC_IMPLICIT_RETAIN_SELF = YES;
				CLANG_WARN_OBJC_LITERAL_CONVERSION = YES;
				CLANG_WARN_OBJC_ROOT_CLASS = YES_ERROR;
				CLANG_WARN_QUOTED_INCLUDE_IN_FRAMEWORK_HEADER = YES;
				CLANG_WARN_RANGE_LOOP_ANALYSIS = YES;
				CLANG_WARN_STRICT_PROTOTYPES = YES;
				CLANG_WARN_SUSPICIOUS_MOVE = YES;
				CLANG_WARN_UNGUARDED_AVAILABILITY = YES_AGGRESSIVE;
				CLANG_WARN_UNREACHABLE_CODE = YES;
				CLANG_WARN__DUPLICATE_METHOD_MATCH = YES;
				COPY_PHASE_STRIP = NO;
				DEBUG_INFORMATION_FORMAT = "dwarf-with-dsym";
				ENABLE_NS_ASSERTIONS = NO;
				ENABLE_STRICT_OBJC_MSGSEND = YES;
				GCC_C_LANGUAGE_STANDARD = gnu11;
				GCC_NO_COMMON_BLOCKS = YES;
				GCC_WARN_64_TO_32_BIT_CONVERSION = YES;
				GCC_WARN_ABOUT_RETURN_TYPE = YES_ERROR;
				GCC_WARN_UNDECLARED_SELECTOR = YES;
				GCC_WARN_UNINITIALIZED_AUTOS = YES_AGGRESSIVE;
				GCC_WARN_UNUSED_FUNCTION = YES;
				GCC_WARN_UNUSED_VARIABLE = YES;
				HEADER_SEARCH_PATHS = (
					"/Users/rpc/tokbox/native-sdk-src/src/third_party/onewebrtc/src",
					"/Users/rpc/tokbox/native-sdk-src/src/third_party/onewebrtc/src/sdk/objc/base",
				);
				IPHONEOS_DEPLOYMENT_TARGET = 14.4;
				MTL_ENABLE_DEBUG_INFO = NO;
				MTL_FAST_MATH = YES;
				SDKROOT = iphoneos;
				VALIDATE_PRODUCT = YES;
			};
			name = Release;
		};
		F8D660D325EFEA390028D4F4 /* Debug */ = {
			isa = XCBuildConfiguration;
			buildSettings = {
				ASSETCATALOG_COMPILER_GLOBAL_ACCENT_COLOR_NAME = AccentColor;
				CODE_SIGN_IDENTITY = "iPhone Developer";
				CODE_SIGN_STYLE = Manual;
				DEVELOPMENT_TEAM = "";
				ENABLE_BITCODE = NO;
				FRAMEWORK_SEARCH_PATHS = "$(PROJECT_DIR)";
				HEADER_SEARCH_PATHS = (
					"${PROJECT_DIR}/ios",
					"${PROJECT_DIR}/ios/third_party/SocketRocket",
					"${PROJECT_DIR}/ios/common",
				);
				INFOPLIST_FILE = "$(SRCROOT)/AppRTCMobile/ios/Info.plist";
				LD_RUNPATH_SEARCH_PATHS = (
					"$(inherited)",
					"@executable_path/Frameworks",
				);
				LIBRARY_SEARCH_PATHS = "";
				PRODUCT_BUNDLE_IDENTIFIER = com.rpc.AppRtcMobile;
				PRODUCT_NAME = "$(TARGET_NAME)";
				PROVISIONING_PROFILE_SPECIFIER = "";
				TARGETED_DEVICE_FAMILY = 1;
			};
			name = Debug;
		};
		F8D660D425EFEA390028D4F4 /* Release */ = {
			isa = XCBuildConfiguration;
			buildSettings = {
				ASSETCATALOG_COMPILER_GLOBAL_ACCENT_COLOR_NAME = AccentColor;
				CODE_SIGN_IDENTITY = "iPhone Developer";
				CODE_SIGN_STYLE = Manual;
				DEVELOPMENT_TEAM = "";
				ENABLE_BITCODE = NO;
				FRAMEWORK_SEARCH_PATHS = "$(PROJECT_DIR)";
				HEADER_SEARCH_PATHS = (
					"${PROJECT_DIR}/ios",
					"${PROJECT_DIR}/ios/third_party/SocketRocket",
					"${PROJECT_DIR}/ios/common",
				);
				INFOPLIST_FILE = "$(SRCROOT)/AppRTCMobile/ios/Info.plist";
				LD_RUNPATH_SEARCH_PATHS = (
					"$(inherited)",
					"@executable_path/Frameworks",
				);
				LIBRARY_SEARCH_PATHS = "";
				PRODUCT_BUNDLE_IDENTIFIER = com.rpc.AppRtcMobile;
				PRODUCT_NAME = "$(TARGET_NAME)";
				PROVISIONING_PROFILE_SPECIFIER = "";
				TARGETED_DEVICE_FAMILY = 1;
			};
			name = Release;
		};
/* End XCBuildConfiguration section */

/* Begin XCConfigurationList section */
		F8D6609E25EFEA380028D4F4 /* Build configuration list for PBXProject "AppRtcMobile" */ = {
			isa = XCConfigurationList;
			buildConfigurations = (
				F8D660D025EFEA390028D4F4 /* Debug */,
				F8D660D125EFEA390028D4F4 /* Release */,
			);
			defaultConfigurationIsVisible = 0;
			defaultConfigurationName = Release;
		};
		F8D660D225EFEA390028D4F4 /* Build configuration list for PBXNativeTarget "AppRtcMobile" */ = {
			isa = XCConfigurationList;
			buildConfigurations = (
				F8D660D325EFEA390028D4F4 /* Debug */,
				F8D660D425EFEA390028D4F4 /* Release */,
			);
			defaultConfigurationIsVisible = 0;
			defaultConfigurationName = Release;
		};
/* End XCConfigurationList section */
	};
	rootObject = F8D6609B25EFEA380028D4F4 /* Project object */;
}
